// !$*UTF8*$!
{
	archiveVersion = 1;
	classes = {
	};
	objectVersion = 46;
	objects = {

/* Begin PBXBuildFile section */
		B3345A1A1F2623DD00C70675 /* main.m in Sources */ = {isa = PBXBuildFile; fileRef = B3345A191F2623DD00C70675 /* main.m */; };
		B3345A1D1F2623DD00C70675 /* AppDelegate.m in Sources */ = {isa = PBXBuildFile; fileRef = B3345A1C1F2623DD00C70675 /* AppDelegate.m */; };
		B3345A201F2623DD00C70675 /* ViewController.m in Sources */ = {isa = PBXBuildFile; fileRef = B3345A1F1F2623DD00C70675 /* ViewController.m */; };
		B3345A261F2623DD00C70675 /* WeightTraining.xcdatamodeld in Sources */ = {isa = PBXBuildFile; fileRef = B3345A241F2623DD00C70675 /* WeightTraining.xcdatamodeld */; };
		B3345A281F2623DD00C70675 /* Assets.xcassets in Resources */ = {isa = PBXBuildFile; fileRef = B3345A271F2623DD00C70675 /* Assets.xcassets */; };
		B3345A2B1F2623DD00C70675 /* LaunchScreen.storyboard in Resources */ = {isa = PBXBuildFile; fileRef = B3345A291F2623DD00C70675 /* LaunchScreen.storyboard */; };
		B3345A361F2623DD00C70675 /* WeightTrainingTests.m in Sources */ = {isa = PBXBuildFile; fileRef = B3345A351F2623DD00C70675 /* WeightTrainingTests.m */; };
		B3345A411F2623DD00C70675 /* WeightTrainingUITests.m in Sources */ = {isa = PBXBuildFile; fileRef = B3345A401F2623DD00C70675 /* WeightTrainingUITests.m */; };
		B3A7E2041F45C33800758DCC /* StationViewController.m in Sources */ = {isa = PBXBuildFile; fileRef = B3A7E2031F45C33800758DCC /* StationViewController.m */; };
		B3CC68CA1F28C0E000383789 /* RecordCreateViewController.m in Sources */ = {isa = PBXBuildFile; fileRef = B3CC68B41F28C0E000383789 /* RecordCreateViewController.m */; };
		B3CC68CB1F28C0E000383789 /* RecordEditViewController.m in Sources */ = {isa = PBXBuildFile; fileRef = B3CC68B61F28C0E000383789 /* RecordEditViewController.m */; };
		B3CC68CC1F28C0E000383789 /* RecordIndexViewController.m in Sources */ = {isa = PBXBuildFile; fileRef = B3CC68B81F28C0E000383789 /* RecordIndexViewController.m */; };
		B3CC68CD1F28C0E000383789 /* RecordShowViewController.m in Sources */ = {isa = PBXBuildFile; fileRef = B3CC68BA1F28C0E000383789 /* RecordShowViewController.m */; };
		B3CC68CE1F28C0E000383789 /* RecordTableViewCell.m in Sources */ = {isa = PBXBuildFile; fileRef = B3CC68BC1F28C0E000383789 /* RecordTableViewCell.m */; };
		B3CC68CF1F28C0E000383789 /* RecordTableViewCell.xib in Resources */ = {isa = PBXBuildFile; fileRef = B3CC68BD1F28C0E000383789 /* RecordTableViewCell.xib */; };
		B3CC68D01F28C0E000383789 /* StationCreateViewController.m in Sources */ = {isa = PBXBuildFile; fileRef = B3CC68BF1F28C0E000383789 /* StationCreateViewController.m */; };
		B3CC68D11F28C0E000383789 /* StationEditViewController.m in Sources */ = {isa = PBXBuildFile; fileRef = B3CC68C11F28C0E000383789 /* StationEditViewController.m */; };
		B3CC68D21F28C0E000383789 /* StationIndexViewController.m in Sources */ = {isa = PBXBuildFile; fileRef = B3CC68C31F28C0E000383789 /* StationIndexViewController.m */; };
		B3CC68D31F28C0E000383789 /* StationShowViewController.m in Sources */ = {isa = PBXBuildFile; fileRef = B3CC68C51F28C0E000383789 /* StationShowViewController.m */; };
		B3CC68D41F28C0E000383789 /* StationTableViewCell.m in Sources */ = {isa = PBXBuildFile; fileRef = B3CC68C71F28C0E000383789 /* StationTableViewCell.m */; };
		B3CC68D51F28C0E000383789 /* StationTableViewCell.xib in Resources */ = {isa = PBXBuildFile; fileRef = B3CC68C81F28C0E000383789 /* StationTableViewCell.xib */; };
		B3CC68D91F28C37500383789 /* Main.storyboard in Resources */ = {isa = PBXBuildFile; fileRef = B3CC68D81F28C37500383789 /* Main.storyboard */; };
		B3CC68DC1F2A6D1800383789 /* Utility.m in Sources */ = {isa = PBXBuildFile; fileRef = B3CC68DB1F2A6D1800383789 /* Utility.m */; };
		B3E854DC1F3FF57F003448D6 /* Database.m in Sources */ = {isa = PBXBuildFile; fileRef = B3E854DB1F3FF57F003448D6 /* Database.m */; };
/* End PBXBuildFile section */

/* Begin PBXContainerItemProxy section */
		B3345A321F2623DD00C70675 /* PBXContainerItemProxy */ = {
			isa = PBXContainerItemProxy;
			containerPortal = B3345A0D1F2623DD00C70675 /* Project object */;
			proxyType = 1;
			remoteGlobalIDString = B3345A141F2623DD00C70675;
			remoteInfo = WeightTraining;
		};
		B3345A3D1F2623DD00C70675 /* PBXContainerItemProxy */ = {
			isa = PBXContainerItemProxy;
			containerPortal = B3345A0D1F2623DD00C70675 /* Project object */;
			proxyType = 1;
			remoteGlobalIDString = B3345A141F2623DD00C70675;
			remoteInfo = WeightTraining;
		};
/* End PBXContainerItemProxy section */

/* Begin PBXFileReference section */
		B3345A151F2623DD00C70675 /* WeightTraining.app */ = {isa = PBXFileReference; explicitFileType = wrapper.application; includeInIndex = 0; path = WeightTraining.app; sourceTree = BUILT_PRODUCTS_DIR; };
		B3345A191F2623DD00C70675 /* main.m */ = {isa = PBXFileReference; lastKnownFileType = sourcecode.c.objc; path = main.m; sourceTree = "<group>"; };
		B3345A1B1F2623DD00C70675 /* AppDelegate.h */ = {isa = PBXFileReference; lastKnownFileType = sourcecode.c.h; path = AppDelegate.h; sourceTree = "<group>"; };
		B3345A1C1F2623DD00C70675 /* AppDelegate.m */ = {isa = PBXFileReference; lastKnownFileType = sourcecode.c.objc; path = AppDelegate.m; sourceTree = "<group>"; };
		B3345A1E1F2623DD00C70675 /* ViewController.h */ = {isa = PBXFileReference; lastKnownFileType = sourcecode.c.h; path = ViewController.h; sourceTree = "<group>"; };
		B3345A1F1F2623DD00C70675 /* ViewController.m */ = {isa = PBXFileReference; lastKnownFileType = sourcecode.c.objc; path = ViewController.m; sourceTree = "<group>"; };
		B3345A251F2623DD00C70675 /* WeightTraining.xcdatamodel */ = {isa = PBXFileReference; lastKnownFileType = wrapper.xcdatamodel; path = WeightTraining.xcdatamodel; sourceTree = "<group>"; };
		B3345A271F2623DD00C70675 /* Assets.xcassets */ = {isa = PBXFileReference; lastKnownFileType = folder.assetcatalog; path = Assets.xcassets; sourceTree = "<group>"; };
		B3345A2A1F2623DD00C70675 /* Base */ = {isa = PBXFileReference; lastKnownFileType = file.storyboard; name = Base; path = Base.lproj/LaunchScreen.storyboard; sourceTree = "<group>"; };
		B3345A2C1F2623DD00C70675 /* Info.plist */ = {isa = PBXFileReference; lastKnownFileType = text.plist.xml; path = Info.plist; sourceTree = "<group>"; };
		B3345A311F2623DD00C70675 /* WeightTrainingTests.xctest */ = {isa = PBXFileReference; explicitFileType = wrapper.cfbundle; includeInIndex = 0; path = WeightTrainingTests.xctest; sourceTree = BUILT_PRODUCTS_DIR; };
		B3345A351F2623DD00C70675 /* WeightTrainingTests.m */ = {isa = PBXFileReference; lastKnownFileType = sourcecode.c.objc; path = WeightTrainingTests.m; sourceTree = "<group>"; };
		B3345A371F2623DD00C70675 /* Info.plist */ = {isa = PBXFileReference; lastKnownFileType = text.plist.xml; path = Info.plist; sourceTree = "<group>"; };
		B3345A3C1F2623DD00C70675 /* WeightTrainingUITests.xctest */ = {isa = PBXFileReference; explicitFileType = wrapper.cfbundle; includeInIndex = 0; path = WeightTrainingUITests.xctest; sourceTree = BUILT_PRODUCTS_DIR; };
		B3345A401F2623DD00C70675 /* WeightTrainingUITests.m */ = {isa = PBXFileReference; lastKnownFileType = sourcecode.c.objc; path = WeightTrainingUITests.m; sourceTree = "<group>"; };
		B3345A421F2623DD00C70675 /* Info.plist */ = {isa = PBXFileReference; lastKnownFileType = text.plist.xml; path = Info.plist; sourceTree = "<group>"; };
		B3A7E2011F4526CE00758DCC /* constants.h */ = {isa = PBXFileReference; lastKnownFileType = sourcecode.c.h; path = constants.h; sourceTree = "<group>"; };
		B3A7E2021F45C33800758DCC /* StationViewController.h */ = {isa = PBXFileReference; fileEncoding = 4; lastKnownFileType = sourcecode.c.h; path = StationViewController.h; sourceTree = "<group>"; };
		B3A7E2031F45C33800758DCC /* StationViewController.m */ = {isa = PBXFileReference; fileEncoding = 4; lastKnownFileType = sourcecode.c.objc; path = StationViewController.m; sourceTree = "<group>"; };
		B3CC68B31F28C0E000383789 /* RecordCreateViewController.h */ = {isa = PBXFileReference; fileEncoding = 4; lastKnownFileType = sourcecode.c.h; path = RecordCreateViewController.h; sourceTree = "<group>"; };
		B3CC68B41F28C0E000383789 /* RecordCreateViewController.m */ = {isa = PBXFileReference; fileEncoding = 4; lastKnownFileType = sourcecode.c.objc; path = RecordCreateViewController.m; sourceTree = "<group>"; };
		B3CC68B51F28C0E000383789 /* RecordEditViewController.h */ = {isa = PBXFileReference; fileEncoding = 4; lastKnownFileType = sourcecode.c.h; path = RecordEditViewController.h; sourceTree = "<group>"; };
		B3CC68B61F28C0E000383789 /* RecordEditViewController.m */ = {isa = PBXFileReference; fileEncoding = 4; lastKnownFileType = sourcecode.c.objc; path = RecordEditViewController.m; sourceTree = "<group>"; };
		B3CC68B71F28C0E000383789 /* RecordIndexViewController.h */ = {isa = PBXFileReference; fileEncoding = 4; lastKnownFileType = sourcecode.c.h; path = RecordIndexViewController.h; sourceTree = "<group>"; };
		B3CC68B81F28C0E000383789 /* RecordIndexViewController.m */ = {isa = PBXFileReference; fileEncoding = 4; lastKnownFileType = sourcecode.c.objc; path = RecordIndexViewController.m; sourceTree = "<group>"; };
		B3CC68B91F28C0E000383789 /* RecordShowViewController.h */ = {isa = PBXFileReference; fileEncoding = 4; lastKnownFileType = sourcecode.c.h; path = RecordShowViewController.h; sourceTree = "<group>"; };
		B3CC68BA1F28C0E000383789 /* RecordShowViewController.m */ = {isa = PBXFileReference; fileEncoding = 4; lastKnownFileType = sourcecode.c.objc; path = RecordShowViewController.m; sourceTree = "<group>"; };
		B3CC68BB1F28C0E000383789 /* RecordTableViewCell.h */ = {isa = PBXFileReference; fileEncoding = 4; lastKnownFileType = sourcecode.c.h; path = RecordTableViewCell.h; sourceTree = "<group>"; };
		B3CC68BC1F28C0E000383789 /* RecordTableViewCell.m */ = {isa = PBXFileReference; fileEncoding = 4; lastKnownFileType = sourcecode.c.objc; path = RecordTableViewCell.m; sourceTree = "<group>"; };
		B3CC68BD1F28C0E000383789 /* RecordTableViewCell.xib */ = {isa = PBXFileReference; fileEncoding = 4; lastKnownFileType = file.xib; path = RecordTableViewCell.xib; sourceTree = "<group>"; };
		B3CC68BE1F28C0E000383789 /* StationCreateViewController.h */ = {isa = PBXFileReference; fileEncoding = 4; lastKnownFileType = sourcecode.c.h; path = StationCreateViewController.h; sourceTree = "<group>"; };
		B3CC68BF1F28C0E000383789 /* StationCreateViewController.m */ = {isa = PBXFileReference; fileEncoding = 4; lastKnownFileType = sourcecode.c.objc; path = StationCreateViewController.m; sourceTree = "<group>"; };
		B3CC68C01F28C0E000383789 /* StationEditViewController.h */ = {isa = PBXFileReference; fileEncoding = 4; lastKnownFileType = sourcecode.c.h; path = StationEditViewController.h; sourceTree = "<group>"; };
		B3CC68C11F28C0E000383789 /* StationEditViewController.m */ = {isa = PBXFileReference; fileEncoding = 4; lastKnownFileType = sourcecode.c.objc; path = StationEditViewController.m; sourceTree = "<group>"; };
		B3CC68C21F28C0E000383789 /* StationIndexViewController.h */ = {isa = PBXFileReference; fileEncoding = 4; lastKnownFileType = sourcecode.c.h; path = StationIndexViewController.h; sourceTree = "<group>"; };
		B3CC68C31F28C0E000383789 /* StationIndexViewController.m */ = {isa = PBXFileReference; fileEncoding = 4; lastKnownFileType = sourcecode.c.objc; path = StationIndexViewController.m; sourceTree = "<group>"; };
		B3CC68C41F28C0E000383789 /* StationShowViewController.h */ = {isa = PBXFileReference; fileEncoding = 4; lastKnownFileType = sourcecode.c.h; path = StationShowViewController.h; sourceTree = "<group>"; };
		B3CC68C51F28C0E000383789 /* StationShowViewController.m */ = {isa = PBXFileReference; fileEncoding = 4; lastKnownFileType = sourcecode.c.objc; path = StationShowViewController.m; sourceTree = "<group>"; };
		B3CC68C61F28C0E000383789 /* StationTableViewCell.h */ = {isa = PBXFileReference; fileEncoding = 4; lastKnownFileType = sourcecode.c.h; path = StationTableViewCell.h; sourceTree = "<group>"; };
		B3CC68C71F28C0E000383789 /* StationTableViewCell.m */ = {isa = PBXFileReference; fileEncoding = 4; lastKnownFileType = sourcecode.c.objc; path = StationTableViewCell.m; sourceTree = "<group>"; };
		B3CC68C81F28C0E000383789 /* StationTableViewCell.xib */ = {isa = PBXFileReference; fileEncoding = 4; lastKnownFileType = file.xib; path = StationTableViewCell.xib; sourceTree = "<group>"; };
		B3CC68D81F28C37500383789 /* Main.storyboard */ = {isa = PBXFileReference; fileEncoding = 4; lastKnownFileType = file.storyboard; path = Main.storyboard; sourceTree = "<group>"; };
		B3CC68DA1F2A6D1800383789 /* Utility.h */ = {isa = PBXFileReference; fileEncoding = 4; lastKnownFileType = sourcecode.c.h; path = Utility.h; sourceTree = "<group>"; };
		B3CC68DB1F2A6D1800383789 /* Utility.m */ = {isa = PBXFileReference; fileEncoding = 4; lastKnownFileType = sourcecode.c.objc; path = Utility.m; sourceTree = "<group>"; };
		B3E854DA1F3FF57F003448D6 /* Database.h */ = {isa = PBXFileReference; fileEncoding = 4; lastKnownFileType = sourcecode.c.h; path = Database.h; sourceTree = "<group>"; };
		B3E854DB1F3FF57F003448D6 /* Database.m */ = {isa = PBXFileReference; fileEncoding = 4; lastKnownFileType = sourcecode.c.objc; path = Database.m; sourceTree = "<group>"; };
/* End PBXFileReference section */

/* Begin PBXFrameworksBuildPhase section */
		B3345A121F2623DD00C70675 /* Frameworks */ = {
			isa = PBXFrameworksBuildPhase;
			buildActionMask = 2147483647;
			files = (
			);
			runOnlyForDeploymentPostprocessing = 0;
		};
		B3345A2E1F2623DD00C70675 /* Frameworks */ = {
			isa = PBXFrameworksBuildPhase;
			buildActionMask = 2147483647;
			files = (
			);
			runOnlyForDeploymentPostprocessing = 0;
		};
		B3345A391F2623DD00C70675 /* Frameworks */ = {
			isa = PBXFrameworksBuildPhase;
			buildActionMask = 2147483647;
			files = (
			);
			runOnlyForDeploymentPostprocessing = 0;
		};
/* End PBXFrameworksBuildPhase section */

/* Begin PBXGroup section */
		B3345A0C1F2623DD00C70675 = {
			isa = PBXGroup;
			children = (
				B3345A171F2623DD00C70675 /* WeightTraining */,
				B3345A341F2623DD00C70675 /* WeightTrainingTests */,
				B3345A3F1F2623DD00C70675 /* WeightTrainingUITests */,
				B3345A161F2623DD00C70675 /* Products */,
			);
			sourceTree = "<group>";
		};
		B3345A161F2623DD00C70675 /* Products */ = {
			isa = PBXGroup;
			children = (
				B3345A151F2623DD00C70675 /* WeightTraining.app */,
				B3345A311F2623DD00C70675 /* WeightTrainingTests.xctest */,
				B3345A3C1F2623DD00C70675 /* WeightTrainingUITests.xctest */,
			);
			name = Products;
			sourceTree = "<group>";
		};
		B3345A171F2623DD00C70675 /* WeightTraining */ = {
			isa = PBXGroup;
			children = (
				B3CC68D81F28C37500383789 /* Main.storyboard */,
				B3CC68B31F28C0E000383789 /* RecordCreateViewController.h */,
				B3CC68B41F28C0E000383789 /* RecordCreateViewController.m */,
				B3CC68B51F28C0E000383789 /* RecordEditViewController.h */,
				B3CC68B61F28C0E000383789 /* RecordEditViewController.m */,
				B3CC68B71F28C0E000383789 /* RecordIndexViewController.h */,
				B3CC68B81F28C0E000383789 /* RecordIndexViewController.m */,
				B3CC68B91F28C0E000383789 /* RecordShowViewController.h */,
				B3CC68BA1F28C0E000383789 /* RecordShowViewController.m */,
				B3CC68BB1F28C0E000383789 /* RecordTableViewCell.h */,
				B3CC68BC1F28C0E000383789 /* RecordTableViewCell.m */,
				B3CC68BD1F28C0E000383789 /* RecordTableViewCell.xib */,
				B3CC68BE1F28C0E000383789 /* StationCreateViewController.h */,
				B3CC68BF1F28C0E000383789 /* StationCreateViewController.m */,
				B3CC68C01F28C0E000383789 /* StationEditViewController.h */,
				B3CC68C11F28C0E000383789 /* StationEditViewController.m */,
				B3CC68C21F28C0E000383789 /* StationIndexViewController.h */,
				B3CC68C31F28C0E000383789 /* StationIndexViewController.m */,
				B3CC68C41F28C0E000383789 /* StationShowViewController.h */,
				B3CC68C51F28C0E000383789 /* StationShowViewController.m */,
				B3CC68C61F28C0E000383789 /* StationTableViewCell.h */,
				B3CC68C71F28C0E000383789 /* StationTableViewCell.m */,
				B3CC68C81F28C0E000383789 /* StationTableViewCell.xib */,
				B3345A1B1F2623DD00C70675 /* AppDelegate.h */,
				B3345A1C1F2623DD00C70675 /* AppDelegate.m */,
				B3345A1E1F2623DD00C70675 /* ViewController.h */,
				B3345A1F1F2623DD00C70675 /* ViewController.m */,
				B3345A271F2623DD00C70675 /* Assets.xcassets */,
				B3345A291F2623DD00C70675 /* LaunchScreen.storyboard */,
				B3345A2C1F2623DD00C70675 /* Info.plist */,
				B3345A241F2623DD00C70675 /* WeightTraining.xcdatamodeld */,
				B3345A181F2623DD00C70675 /* Supporting Files */,
				B3CC68DA1F2A6D1800383789 /* Utility.h */,
				B3CC68DB1F2A6D1800383789 /* Utility.m */,
				B3E854DA1F3FF57F003448D6 /* Database.h */,
				B3E854DB1F3FF57F003448D6 /* Database.m */,
				B3A7E2011F4526CE00758DCC /* constants.h */,
				B3A7E2021F45C33800758DCC /* StationViewController.h */,
				B3A7E2031F45C33800758DCC /* StationViewController.m */,
			);
			path = WeightTraining;
			sourceTree = "<group>";
		};
		B3345A181F2623DD00C70675 /* Supporting Files */ = {
			isa = PBXGroup;
			children = (
				B3345A191F2623DD00C70675 /* main.m */,
			);
			name = "Supporting Files";
			sourceTree = "<group>";
		};
		B3345A341F2623DD00C70675 /* WeightTrainingTests */ = {
			isa = PBXGroup;
			children = (
				B3345A351F2623DD00C70675 /* WeightTrainingTests.m */,
				B3345A371F2623DD00C70675 /* Info.plist */,
			);
			path = WeightTrainingTests;
			sourceTree = "<group>";
		};
		B3345A3F1F2623DD00C70675 /* WeightTrainingUITests */ = {
			isa = PBXGroup;
			children = (
				B3345A401F2623DD00C70675 /* WeightTrainingUITests.m */,
				B3345A421F2623DD00C70675 /* Info.plist */,
			);
			path = WeightTrainingUITests;
			sourceTree = "<group>";
		};
/* End PBXGroup section */

/* Begin PBXNativeTarget section */
		B3345A141F2623DD00C70675 /* WeightTraining */ = {
			isa = PBXNativeTarget;
			buildConfigurationList = B3345A451F2623DD00C70675 /* Build configuration list for PBXNativeTarget "WeightTraining" */;
			buildPhases = (
				B3345A111F2623DD00C70675 /* Sources */,
				B3345A121F2623DD00C70675 /* Frameworks */,
				B3345A131F2623DD00C70675 /* Resources */,
			);
			buildRules = (
			);
			dependencies = (
			);
			name = WeightTraining;
			productName = WeightTraining;
			productReference = B3345A151F2623DD00C70675 /* WeightTraining.app */;
			productType = "com.apple.product-type.application";
		};
		B3345A301F2623DD00C70675 /* WeightTrainingTests */ = {
			isa = PBXNativeTarget;
			buildConfigurationList = B3345A481F2623DD00C70675 /* Build configuration list for PBXNativeTarget "WeightTrainingTests" */;
			buildPhases = (
				B3345A2D1F2623DD00C70675 /* Sources */,
				B3345A2E1F2623DD00C70675 /* Frameworks */,
				B3345A2F1F2623DD00C70675 /* Resources */,
			);
			buildRules = (
			);
			dependencies = (
				B3345A331F2623DD00C70675 /* PBXTargetDependency */,
			);
			name = WeightTrainingTests;
			productName = WeightTrainingTests;
			productReference = B3345A311F2623DD00C70675 /* WeightTrainingTests.xctest */;
			productType = "com.apple.product-type.bundle.unit-test";
		};
		B3345A3B1F2623DD00C70675 /* WeightTrainingUITests */ = {
			isa = PBXNativeTarget;
			buildConfigurationList = B3345A4B1F2623DD00C70675 /* Build configuration list for PBXNativeTarget "WeightTrainingUITests" */;
			buildPhases = (
				B3345A381F2623DD00C70675 /* Sources */,
				B3345A391F2623DD00C70675 /* Frameworks */,
				B3345A3A1F2623DD00C70675 /* Resources */,
			);
			buildRules = (
			);
			dependencies = (
				B3345A3E1F2623DD00C70675 /* PBXTargetDependency */,
			);
			name = WeightTrainingUITests;
			productName = WeightTrainingUITests;
			productReference = B3345A3C1F2623DD00C70675 /* WeightTrainingUITests.xctest */;
			productType = "com.apple.product-type.bundle.ui-testing";
		};
/* End PBXNativeTarget section */

/* Begin PBXProject section */
		B3345A0D1F2623DD00C70675 /* Project object */ = {
			isa = PBXProject;
			attributes = {
				LastUpgradeCheck = 0900;
				ORGANIZATIONNAME = "Rodney Degracia";
				TargetAttributes = {
					B3345A141F2623DD00C70675 = {
						CreatedOnToolsVersion = 8.3.3;
						ProvisioningStyle = Automatic;
					};
					B3345A301F2623DD00C70675 = {
						CreatedOnToolsVersion = 8.3.3;
						ProvisioningStyle = Automatic;
						TestTargetID = B3345A141F2623DD00C70675;
					};
					B3345A3B1F2623DD00C70675 = {
						CreatedOnToolsVersion = 8.3.3;
						ProvisioningStyle = Automatic;
						TestTargetID = B3345A141F2623DD00C70675;
					};
				};
			};
			buildConfigurationList = B3345A101F2623DD00C70675 /* Build configuration list for PBXProject "WeightTraining" */;
			compatibilityVersion = "Xcode 3.2";
			developmentRegion = English;
			hasScannedForEncodings = 0;
			knownRegions = (
				en,
				Base,
			);
			mainGroup = B3345A0C1F2623DD00C70675;
			productRefGroup = B3345A161F2623DD00C70675 /* Products */;
			projectDirPath = "";
			projectRoot = "";
			targets = (
				B3345A141F2623DD00C70675 /* WeightTraining */,
				B3345A301F2623DD00C70675 /* WeightTrainingTests */,
				B3345A3B1F2623DD00C70675 /* WeightTrainingUITests */,
			);
		};
/* End PBXProject section */

/* Begin PBXResourcesBuildPhase section */
		B3345A131F2623DD00C70675 /* Resources */ = {
			isa = PBXResourcesBuildPhase;
			buildActionMask = 2147483647;
			files = (
				B3345A2B1F2623DD00C70675 /* LaunchScreen.storyboard in Resources */,
				B3CC68D91F28C37500383789 /* Main.storyboard in Resources */,
				B3CC68D51F28C0E000383789 /* StationTableViewCell.xib in Resources */,
				B3CC68CF1F28C0E000383789 /* RecordTableViewCell.xib in Resources */,
				B3345A281F2623DD00C70675 /* Assets.xcassets in Resources */,
			);
			runOnlyForDeploymentPostprocessing = 0;
		};
		B3345A2F1F2623DD00C70675 /* Resources */ = {
			isa = PBXResourcesBuildPhase;
			buildActionMask = 2147483647;
			files = (
			);
			runOnlyForDeploymentPostprocessing = 0;
		};
		B3345A3A1F2623DD00C70675 /* Resources */ = {
			isa = PBXResourcesBuildPhase;
			buildActionMask = 2147483647;
			files = (
			);
			runOnlyForDeploymentPostprocessing = 0;
		};
/* End PBXResourcesBuildPhase section */

/* Begin PBXSourcesBuildPhase section */
		B3345A111F2623DD00C70675 /* Sources */ = {
			isa = PBXSourcesBuildPhase;
			buildActionMask = 2147483647;
			files = (
				B3CC68D21F28C0E000383789 /* StationIndexViewController.m in Sources */,
				B3345A201F2623DD00C70675 /* ViewController.m in Sources */,
				B3CC68D41F28C0E000383789 /* StationTableViewCell.m in Sources */,
				B3345A1D1F2623DD00C70675 /* AppDelegate.m in Sources */,
				B3345A1A1F2623DD00C70675 /* main.m in Sources */,
				B3CC68D31F28C0E000383789 /* StationShowViewController.m in Sources */,
				B3CC68CE1F28C0E000383789 /* RecordTableViewCell.m in Sources */,
				B3A7E2041F45C33800758DCC /* StationViewController.m in Sources */,
				B3CC68DC1F2A6D1800383789 /* Utility.m in Sources */,
				B3CC68CA1F28C0E000383789 /* RecordCreateViewController.m in Sources */,
				B3CC68D01F28C0E000383789 /* StationCreateViewController.m in Sources */,
				B3E854DC1F3FF57F003448D6 /* Database.m in Sources */,
				B3CC68CD1F28C0E000383789 /* RecordShowViewController.m in Sources */,
				B3CC68D11F28C0E000383789 /* StationEditViewController.m in Sources */,
				B3345A261F2623DD00C70675 /* WeightTraining.xcdatamodeld in Sources */,
				B3CC68CC1F28C0E000383789 /* RecordIndexViewController.m in Sources */,
				B3CC68CB1F28C0E000383789 /* RecordEditViewController.m in Sources */,
			);
			runOnlyForDeploymentPostprocessing = 0;
		};
		B3345A2D1F2623DD00C70675 /* Sources */ = {
			isa = PBXSourcesBuildPhase;
			buildActionMask = 2147483647;
			files = (
				B3345A361F2623DD00C70675 /* WeightTrainingTests.m in Sources */,
			);
			runOnlyForDeploymentPostprocessing = 0;
		};
		B3345A381F2623DD00C70675 /* Sources */ = {
			isa = PBXSourcesBuildPhase;
			buildActionMask = 2147483647;
			files = (
				B3345A411F2623DD00C70675 /* WeightTrainingUITests.m in Sources */,
			);
			runOnlyForDeploymentPostprocessing = 0;
		};
/* End PBXSourcesBuildPhase section */

/* Begin PBXTargetDependency section */
		B3345A331F2623DD00C70675 /* PBXTargetDependency */ = {
			isa = PBXTargetDependency;
			target = B3345A141F2623DD00C70675 /* WeightTraining */;
			targetProxy = B3345A321F2623DD00C70675 /* PBXContainerItemProxy */;
		};
		B3345A3E1F2623DD00C70675 /* PBXTargetDependency */ = {
			isa = PBXTargetDependency;
			target = B3345A141F2623DD00C70675 /* WeightTraining */;
			targetProxy = B3345A3D1F2623DD00C70675 /* PBXContainerItemProxy */;
		};
/* End PBXTargetDependency section */

/* Begin PBXVariantGroup section */
		B3345A291F2623DD00C70675 /* LaunchScreen.storyboard */ = {
			isa = PBXVariantGroup;
			children = (
				B3345A2A1F2623DD00C70675 /* Base */,
			);
			name = LaunchScreen.storyboard;
			sourceTree = "<group>";
		};
/* End PBXVariantGroup section */

/* Begin XCBuildConfiguration section */
		B3345A431F2623DD00C70675 /* Debug */ = {
			isa = XCBuildConfiguration;
			buildSettings = {
				ALWAYS_SEARCH_USER_PATHS = NO;
				CLANG_ANALYZER_NONNULL = YES;
				CLANG_ANALYZER_NUMBER_OBJECT_CONVERSION = YES_AGGRESSIVE;
				CLANG_CXX_LANGUAGE_STANDARD = "gnu++0x";
				CLANG_CXX_LIBRARY = "libc++";
				CLANG_ENABLE_MODULES = YES;
				CLANG_ENABLE_OBJC_ARC = YES;
				CLANG_WARN_BLOCK_CAPTURE_AUTORELEASING = YES;
				CLANG_WARN_BOOL_CONVERSION = YES;
				CLANG_WARN_COMMA = YES;
				CLANG_WARN_CONSTANT_CONVERSION = YES;
				CLANG_WARN_DIRECT_OBJC_ISA_USAGE = YES_ERROR;
				CLANG_WARN_DOCUMENTATION_COMMENTS = YES;
				CLANG_WARN_EMPTY_BODY = YES;
				CLANG_WARN_ENUM_CONVERSION = YES;
				CLANG_WARN_INFINITE_RECURSION = YES;
				CLANG_WARN_INT_CONVERSION = YES;
				CLANG_WARN_NON_LITERAL_NULL_CONVERSION = YES;
				CLANG_WARN_OBJC_LITERAL_CONVERSION = YES;
				CLANG_WARN_OBJC_ROOT_CLASS = YES_ERROR;
				CLANG_WARN_RANGE_LOOP_ANALYSIS = YES;
				CLANG_WARN_STRICT_PROTOTYPES = YES;
				CLANG_WARN_SUSPICIOUS_MOVE = YES;
				CLANG_WARN_UNREACHABLE_CODE = YES;
				CLANG_WARN__DUPLICATE_METHOD_MATCH = YES;
				"CODE_SIGN_IDENTITY[sdk=iphoneos*]" = "iPhone Developer";
				COPY_PHASE_STRIP = NO;
				DEBUG_INFORMATION_FORMAT = dwarf;
				ENABLE_STRICT_OBJC_MSGSEND = YES;
				ENABLE_TESTABILITY = YES;
				GCC_C_LANGUAGE_STANDARD = gnu99;
				GCC_DYNAMIC_NO_PIC = NO;
				GCC_NO_COMMON_BLOCKS = YES;
				GCC_OPTIMIZATION_LEVEL = 0;
				GCC_PREPROCESSOR_DEFINITIONS = (
					"DEBUG=1",
					"$(inherited)",
				);
				GCC_WARN_64_TO_32_BIT_CONVERSION = YES;
				GCC_WARN_ABOUT_RETURN_TYPE = YES_ERROR;
				GCC_WARN_UNDECLARED_SELECTOR = YES;
				GCC_WARN_UNINITIALIZED_AUTOS = YES_AGGRESSIVE;
				GCC_WARN_UNUSED_FUNCTION = YES;
				GCC_WARN_UNUSED_VARIABLE = YES;
				IPHONEOS_DEPLOYMENT_TARGET = 10.3;
				MTL_ENABLE_DEBUG_INFO = YES;
				ONLY_ACTIVE_ARCH = YES;
				SDKROOT = iphoneos;
				TARGETED_DEVICE_FAMILY = "1,2";
			};
			name = Debug;
		};
		B3345A441F2623DD00C70675 /* Release */ = {
			isa = XCBuildConfiguration;
			buildSettings = {
				ALWAYS_SEARCH_USER_PATHS = NO;
				CLANG_ANALYZER_NONNULL = YES;
				CLANG_ANALYZER_NUMBER_OBJECT_CONVERSION = YES_AGGRESSIVE;
				CLANG_CXX_LANGUAGE_STANDARD = "gnu++0x";
				CLANG_CXX_LIBRARY = "libc++";
				CLANG_ENABLE_MODULES = YES;
				CLANG_ENABLE_OBJC_ARC = YES;
				CLANG_WARN_BLOCK_CAPTURE_AUTORELEASING = YES;
				CLANG_WARN_BOOL_CONVERSION = YES;
				CLANG_WARN_COMMA = YES;
				CLANG_WARN_CONSTANT_CONVERSION = YES;
				CLANG_WARN_DIRECT_OBJC_ISA_USAGE = YES_ERROR;
				CLANG_WARN_DOCUMENTATION_COMMENTS = YES;
				CLANG_WARN_EMPTY_BODY = YES;
				CLANG_WARN_ENUM_CONVERSION = YES;
				CLANG_WARN_INFINITE_RECURSION = YES;
				CLANG_WARN_INT_CONVERSION = YES;
				CLANG_WARN_NON_LITERAL_NULL_CONVERSION = YES;
				CLANG_WARN_OBJC_LITERAL_CONVERSION = YES;
				CLANG_WARN_OBJC_ROOT_CLASS = YES_ERROR;
				CLANG_WARN_RANGE_LOOP_ANALYSIS = YES;
				CLANG_WARN_STRICT_PROTOTYPES = YES;
				CLANG_WARN_SUSPICIOUS_MOVE = YES;
				CLANG_WARN_UNREACHABLE_CODE = YES;
				CLANG_WARN__DUPLICATE_METHOD_MATCH = YES;
				"CODE_SIGN_IDENTITY[sdk=iphoneos*]" = "iPhone Developer";
				COPY_PHASE_STRIP = NO;
				DEBUG_INFORMATION_FORMAT = "dwarf-with-dsym";
				ENABLE_NS_ASSERTIONS = NO;
				ENABLE_STRICT_OBJC_MSGSEND = YES;
				GCC_C_LANGUAGE_STANDARD = gnu99;
				GCC_NO_COMMON_BLOCKS = YES;
				GCC_WARN_64_TO_32_BIT_CONVERSION = YES;
				GCC_WARN_ABOUT_RETURN_TYPE = YES_ERROR;
				GCC_WARN_UNDECLARED_SELECTOR = YES;
				GCC_WARN_UNINITIALIZED_AUTOS = YES_AGGRESSIVE;
				GCC_WARN_UNUSED_FUNCTION = YES;
				GCC_WARN_UNUSED_VARIABLE = YES;
				IPHONEOS_DEPLOYMENT_TARGET = 10.3;
				MTL_ENABLE_DEBUG_INFO = NO;
				SDKROOT = iphoneos;
				TARGETED_DEVICE_FAMILY = "1,2";
				VALIDATE_PRODUCT = YES;
			};
			name = Release;
		};
		B3345A461F2623DD00C70675 /* Debug */ = {
			isa = XCBuildConfiguration;
			buildSettings = {
				ASSETCATALOG_COMPILER_APPICON_NAME = AppIcon;
				INFOPLIST_FILE = WeightTraining/Info.plist;
				LD_RUNPATH_SEARCH_PATHS = "$(inherited) @executable_path/Frameworks";
				PRODUCT_BUNDLE_IDENTIFIER = com.rodneydegracia.WeightTraining;
				PRODUCT_NAME = "$(TARGET_NAME)";
			};
			name = Debug;
		};
		B3345A471F2623DD00C70675 /* Release */ = {
			isa = XCBuildConfiguration;
			buildSettings = {
				ASSETCATALOG_COMPILER_APPICON_NAME = AppIcon;
				INFOPLIST_FILE = WeightTraining/Info.plist;
				LD_RUNPATH_SEARCH_PATHS = "$(inherited) @executable_path/Frameworks";
				PRODUCT_BUNDLE_IDENTIFIER = com.rodneydegracia.WeightTraining;
				PRODUCT_NAME = "$(TARGET_NAME)";
			};
			name = Release;
		};
		B3345A491F2623DD00C70675 /* Debug */ = {
			isa = XCBuildConfiguration;
			buildSettings = {
				BUNDLE_LOADER = "$(TEST_HOST)";
				INFOPLIST_FILE = WeightTrainingTests/Info.plist;
				LD_RUNPATH_SEARCH_PATHS = "$(inherited) @executable_path/Frameworks @loader_path/Frameworks";
				PRODUCT_BUNDLE_IDENTIFIER = com.rodneydegracia.WeightTrainingTests;
				PRODUCT_NAME = "$(TARGET_NAME)";
				TEST_HOST = "$(BUILT_PRODUCTS_DIR)/WeightTraining.app/WeightTraining";
			};
			name = Debug;
		};
		B3345A4A1F2623DD00C70675 /* Release */ = {
			isa = XCBuildConfiguration;
			buildSettings = {
				BUNDLE_LOADER = "$(TEST_HOST)";
				INFOPLIST_FILE = WeightTrainingTests/Info.plist;
				LD_RUNPATH_SEARCH_PATHS = "$(inherited) @executable_path/Frameworks @loader_path/Frameworks";
				PRODUCT_BUNDLE_IDENTIFIER = com.rodneydegracia.WeightTrainingTests;
				PRODUCT_NAME = "$(TARGET_NAME)";
				TEST_HOST = "$(BUILT_PRODUCTS_DIR)/WeightTraining.app/WeightTraining";
			};
			name = Release;
		};
		B3345A4C1F2623DD00C70675 /* Debug */ = {
			isa = XCBuildConfiguration;
			buildSettings = {
				INFOPLIST_FILE = WeightTrainingUITests/Info.plist;
				LD_RUNPATH_SEARCH_PATHS = "$(inherited) @executable_path/Frameworks @loader_path/Frameworks";
				PRODUCT_BUNDLE_IDENTIFIER = com.rodneydegracia.WeightTrainingUITests;
				PRODUCT_NAME = "$(TARGET_NAME)";
				TEST_TARGET_NAME = WeightTraining;
			};
			name = Debug;
		};
		B3345A4D1F2623DD00C70675 /* Release */ = {
			isa = XCBuildConfiguration;
			buildSettings = {
				INFOPLIST_FILE = WeightTrainingUITests/Info.plist;
				LD_RUNPATH_SEARCH_PATHS = "$(inherited) @executable_path/Frameworks @loader_path/Frameworks";
				PRODUCT_BUNDLE_IDENTIFIER = com.rodneydegracia.WeightTrainingUITests;
				PRODUCT_NAME = "$(TARGET_NAME)";
				TEST_TARGET_NAME = WeightTraining;
			};
			name = Release;
		};
/* End XCBuildConfiguration section */

/* Begin XCConfigurationList section */
		B3345A101F2623DD00C70675 /* Build configuration list for PBXProject "WeightTraining" */ = {
			isa = XCConfigurationList;
			buildConfigurations = (
				B3345A431F2623DD00C70675 /* Debug */,
				B3345A441F2623DD00C70675 /* Release */,
			);
			defaultConfigurationIsVisible = 0;
			defaultConfigurationName = Release;
		};
		B3345A451F2623DD00C70675 /* Build configuration list for PBXNativeTarget "WeightTraining" */ = {
			isa = XCConfigurationList;
			buildConfigurations = (
				B3345A461F2623DD00C70675 /* Debug */,
				B3345A471F2623DD00C70675 /* Release */,
			);
			defaultConfigurationIsVisible = 0;
			defaultConfigurationName = Release;
		};
		B3345A481F2623DD00C70675 /* Build configuration list for PBXNativeTarget "WeightTrainingTests" */ = {
			isa = XCConfigurationList;
			buildConfigurations = (
				B3345A491F2623DD00C70675 /* Debug */,
				B3345A4A1F2623DD00C70675 /* Release */,
			);
			defaultConfigurationIsVisible = 0;
			defaultConfigurationName = Release;
		};
		B3345A4B1F2623DD00C70675 /* Build configuration list for PBXNativeTarget "WeightTrainingUITests" */ = {
			isa = XCConfigurationList;
			buildConfigurations = (
				B3345A4C1F2623DD00C70675 /* Debug */,
				B3345A4D1F2623DD00C70675 /* Release */,
			);
			defaultConfigurationIsVisible = 0;
			defaultConfigurationName = Release;
		};
/* End XCConfigurationList section */

/* Begin XCVersionGroup section */
		B3345A241F2623DD00C70675 /* WeightTraining.xcdatamodeld */ = {
			isa = XCVersionGroup;
			children = (
				B3345A251F2623DD00C70675 /* WeightTraining.xcdatamodel */,
			);
			currentVersion = B3345A251F2623DD00C70675 /* WeightTraining.xcdatamodel */;
			path = WeightTraining.xcdatamodeld;
			sourceTree = "<group>";
			versionGroupType = wrapper.xcdatamodel;
		};
/* End XCVersionGroup section */
	};
	rootObject = B3345A0D1F2623DD00C70675 /* Project object */;
}
